
Microsoft Visual Studio Solution File, Format Version 12.00
# Visual Studio Version 16
VisualStudioVersion = 16.0.30621.155
MinimumVisualStudioVersion = 10.0.40219.1
Project("{FAE04EC0-301F-11D3-BF4B-00C04F79EFBC}") = "PipeLine", "PipeLine\PipeLine.csproj", "{563E2A5D-D2BC-4C38-BC9D-18426DEEF3FC}"
EndProject
Global
	GlobalSection(SolutionConfigurationPlatforms) = preSolution
		Debug|Any CPU = Debug|Any CPU
		Release|Any CPU = Release|Any CPU
	EndGlobalSection
	GlobalSection(ProjectConfigurationPlatforms) = postSolution
		{563E2A5D-D2BC-4C38-BC9D-18426DEEF3FC}.Debug|Any CPU.ActiveCfg = Debug|Any CPU
		{563E2A5D-D2BC-4C38-BC9D-18426DEEF3FC}.Debug|Any CPU.Build.0 = Debug|Any CPU
		{563E2A5D-D2BC-4C38-BC9D-18426DEEF3FC}.Release|Any CPU.ActiveCfg = Release|Any CPU
		{563E2A5D-D2BC-4C38-BC9D-18426DEEF3FC}.Release|Any CPU.Build.0 = Release|Any CPU
	EndGlobalSection
	GlobalSection(SolutionProperties) = preSolution
		HideSolutionNode = FALSE
	EndGlobalSection
	GlobalSection(ExtensibilityGlobals) = postSolution
		SolutionGuid = {F56C7A45-0228-405E-977F-3B06E4A5C9F1}
	EndGlobalSection
EndGlobal
